<?xml version="1.0" encoding="utf-8"?>
<Project ToolsVersion="4.0" xmlns="http://schemas.microsoft.com/developer/msbuild/2003">
  <ItemGroup>
    <Filter Include="Source Files">
      <UniqueIdentifier>{4FC737F1-C7A5-4376-A066-2A32D752A2FF}</UniqueIdentifier>
      <Extensions>cpp;c;cc;cxx;c++;cppm;ixx;def;odl;idl;hpj;bat;asm;asmx</Extensions>
    </Filter>
    <Filter Include="Header Files">
      <UniqueIdentifier>{93995380-89BD-4b04-88EB-625FBE52EBFB}</UniqueIdentifier>
      <Extensions>h;hh;hpp;hxx;h++;hm;inl;inc;ipp;xsd</Extensions>
    </Filter>
    <Filter Include="Resource Files">
      <UniqueIdentifier>{67DA6AB6-F800-4c08-8B7A-83BB121AAD01}</UniqueIdentifier>
      <Extensions>rc;ico;cur;bmp;dlg;rc2;rct;bin;rgs;gif;jpg;jpeg;jpe;resx;tiff;tif;png;wav;mfcribbon-ms</Extensions>
    </Filter>
    <Filter Include="Generated Files">
      <UniqueIdentifier>{ee388b50-017d-48c0-aad4-2aea06ced88c}</UniqueIdentifier>
      <SourceControlFiles>False</SourceControlFiles>
    </Filter>
  </ItemGroup>
  <ItemGroup>
    <ClInclude Include="framework.h">
      <Filter>Header Files</Filter>
    </ClInclude>
    <ClInclude Include="targetver.h">
      <Filter>Header Files</Filter>
    </ClInclude>
    <ClInclude Include="Resource.h">
      <Filter>Header Files</Filter>
    </ClInclude>
    <ClInclude Include="dllmain.h">
      <Filter>Header Files</Filter>
    </ClInclude>
    <ClInclude Include="ExcelAddIn_i.h">
      <Filter>Generated Files</Filter>
    </ClInclude>
    <ClInclude Include="pch.h">
      <Filter>Header Files</Filter>
    </ClInclude>
    <ClInclude Include="ThisAddIn.h">
      <Filter>Header Files</Filter>
    </ClInclude>
    <ClInclude Include="ApplicationEventsSink.h">
      <Filter>Header Files</Filter>
    </ClInclude>
    <ClInclude Include="TaskPane.h">
      <Filter>Header Files</Filter>
    </ClInclude>
    <ClInclude Include="MyCustomTaskPane.h">
      <Filter>Header Files</Filter>
    </ClInclude>
    <ClInclude Include="MyExcelCustomTaskPane.h">
      <Filter>Header Files</Filter>
    </ClInclude>
  </ItemGroup>
  <ItemGroup>
    <ClCompile Include="ExcelAddIn.cpp">
      <Filter>Source Files</Filter>
    </ClCompile>
    <ClCompile Include="dllmain.cpp">
      <Filter>Source Files</Filter>
    </ClCompile>
    <ClCompile Include="ExcelAddIn_i.c">
      <Filter>Generated Files</Filter>
    </ClCompile>
    <ClCompile Include="pch.cpp">
      <Filter>Source Files</Filter>
    </ClCompile>
    <ClCompile Include="ThisAddIn.cpp">
      <Filter>Source Files</Filter>
    </ClCompile>
    <ClCompile Include="ApplicationEventsSink.cpp">
      <Filter>Source Files</Filter>
    </ClCompile>
    <ClCompile Include="TaskPane.cpp">
      <Filter>Source Files</Filter>
    </ClCompile>
    <ClCompile Include="MyCustomTaskPane.cpp">
      <Filter>Source Files</Filter>
    </ClCompile>
    <ClCompile Include="MyExcelCustomTaskPane.cpp">
      <Filter>Source Files</Filter>
    </ClCompile>
  </ItemGroup>
  <ItemGroup>
    <ResourceCompile Include="ExcelAddIn.rc">
      <Filter>Resource Files</Filter>
    </ResourceCompile>
  </ItemGroup>
  <ItemGroup>
    <None Include="ExcelAddIn.rgs">
      <Filter>Resource Files</Filter>
    </None>
    <None Include="ExcelAddIn.def">
      <Filter>Source Files</Filter>
    </None>
    <None Include="ThisAddIn.rgs">
      <Filter>Resource Files</Filter>
    </None>
    <None Include="TaskPane.rgs">
      <Filter>Resource Files</Filter>
    </None>
    <None Include="TaskPane.htm" />
    <None Include="MyCustomTaskPane.rgs">
      <Filter>Resource Files</Filter>
    </None>
    <None Include="MyExcelCustomTaskPane.rgs">
      <Filter>Resource Files</Filter>
    </None>
    <None Include="MyExcelCustomTaskPane.htm" />
  </ItemGroup>
  <ItemGroup>
    <Midl Include="ExcelAddIn.idl">
      <Filter>Source Files</Filter>
    </Midl>
  </ItemGroup>
  <ItemGroup>
    <Xml Include="CustomRibbon.xml" />
  </ItemGroup>
  <ItemGroup>
    <Image Include="bitmap1.bmp">
      <Filter>Resource Files</Filter>
    </Image>
    <Image Include="R.bmp">
      <Filter>Resource Files</Filter>
    </Image>
    <Image Include="TaskPane.bmp">
      <Filter>Resource Files</Filter>
    </Image>
    <Image Include="MyExcelCustomTaskPane.bmp">
      <Filter>Resource Files</Filter>
    </Image>
  </ItemGroup>
</Project>